{
  "name": "RecipeTask",
  "lockfileVersion": 3,
  "requires": true,
  "packages": {
    "": {
      "dependencies": {
        "bootswatch": "^5.3.3"
      }
    },
    "node_modules/bootswatch": {
      "version": "5.3.3",
      "resolved": "https://registry.npmjs.org/bootswatch/-/bootswatch-5.3.3.tgz",
      "integrity": "sha512-cJLhobnZsVCelU7zdH/L7wpcXAyUoTX4/5l2dWQ0JXgaVK80BdTQNU/ImWwoyIGBeyms4iQDAdNtOfPQZf0Atg=="
    }
  }
}
